Microsoft Visual Studio Solution File, Format Version 12.00
# Visual Studio 2012
Project("{FAE04EC0-301F-11D3-BF4B-00C04F79EFBC}") = "Alien_v1rus", "Alien_v1rus.csproj", "{3BFA6D40-C36A-4809-BCC9-A3BAD357C243}"
EndProject
Global
	GlobalSection(SolutionConfigurationPlatforms) = preSolution
	Debug|Any CPU = Debug|Any CPU
	ExportDebug|Any CPU = ExportDebug|Any CPU
	ExportRelease|Any CPU = ExportRelease|Any CPU
	EndGlobalSection
	GlobalSection(ProjectConfigurationPlatforms) = postSolution
		{3BFA6D40-C36A-4809-BCC9-A3BAD357C243}.Debug|Any CPU.ActiveCfg = Debug|Any CPU
		{3BFA6D40-C36A-4809-BCC9-A3BAD357C243}.Debug|Any CPU.Build.0 = Debug|Any CPU
		{3BFA6D40-C36A-4809-BCC9-A3BAD357C243}.ExportDebug|Any CPU.ActiveCfg = ExportDebug|Any CPU
		{3BFA6D40-C36A-4809-BCC9-A3BAD357C243}.ExportDebug|Any CPU.Build.0 = ExportDebug|Any CPU
		{3BFA6D40-C36A-4809-BCC9-A3BAD357C243}.ExportRelease|Any CPU.ActiveCfg = ExportRelease|Any CPU
		{3BFA6D40-C36A-4809-BCC9-A3BAD357C243}.ExportRelease|Any CPU.Build.0 = ExportRelease|Any CPU
	EndGlobalSection
EndGlobal
